
Microsoft Visual Studio Solution File, Format Version 12.00
# Visual Studio Version 16
VisualStudioVersion = 16.0.30114.105
MinimumVisualStudioVersion = 10.0.40219.1
Project("{FAE04EC0-301F-11D3-BF4B-00C04F79EFBC}") = "ForInterView", "ForInterView\ForInterView.csproj", "{78DCD361-EBA1-4A40-98A0-7A9F8BB6A49C}"
EndProject
Project("{FAE04EC0-301F-11D3-BF4B-00C04F79EFBC}") = "Service", "Service\Service.csproj", "{668B041D-1326-42F6-A978-79183BFAEC10}"
EndProject
Project("{FAE04EC0-301F-11D3-BF4B-00C04F79EFBC}") = "DAO", "DAO\DAO.csproj", "{4AD0753C-0977-42FA-9A59-244B51BE4F0E}"
EndProject
Project("{9A19103F-16F7-4668-BE54-9A1E7A4F7556}") = "DataModels", "DataModels\DataModels.csproj", "{C7273114-56C4-4FDD-AA3B-E2167C56673F}"
EndProject
Project("{FAE04EC0-301F-11D3-BF4B-00C04F79EFBC}") = "testLogin", "testLogin\testLogin.csproj", "{8E0CE15B-071D-4B8F-BAD4-0379A117ED63}"
EndProject
Global
	GlobalSection(SolutionConfigurationPlatforms) = preSolution
		Debug|Any CPU = Debug|Any CPU
		Release|Any CPU = Release|Any CPU
	EndGlobalSection
	GlobalSection(ProjectConfigurationPlatforms) = postSolution
		{78DCD361-EBA1-4A40-98A0-7A9F8BB6A49C}.Debug|Any CPU.ActiveCfg = Debug|Any CPU
		{78DCD361-EBA1-4A40-98A0-7A9F8BB6A49C}.Debug|Any CPU.Build.0 = Debug|Any CPU
		{78DCD361-EBA1-4A40-98A0-7A9F8BB6A49C}.Release|Any CPU.ActiveCfg = Release|Any CPU
		{78DCD361-EBA1-4A40-98A0-7A9F8BB6A49C}.Release|Any CPU.Build.0 = Release|Any CPU
		{668B041D-1326-42F6-A978-79183BFAEC10}.Debug|Any CPU.ActiveCfg = Debug|Any CPU
		{668B041D-1326-42F6-A978-79183BFAEC10}.Debug|Any CPU.Build.0 = Debug|Any CPU
		{668B041D-1326-42F6-A978-79183BFAEC10}.Release|Any CPU.ActiveCfg = Release|Any CPU
		{668B041D-1326-42F6-A978-79183BFAEC10}.Release|Any CPU.Build.0 = Release|Any CPU
		{4AD0753C-0977-42FA-9A59-244B51BE4F0E}.Debug|Any CPU.ActiveCfg = Debug|Any CPU
		{4AD0753C-0977-42FA-9A59-244B51BE4F0E}.Debug|Any CPU.Build.0 = Debug|Any CPU
		{4AD0753C-0977-42FA-9A59-244B51BE4F0E}.Release|Any CPU.ActiveCfg = Release|Any CPU
		{4AD0753C-0977-42FA-9A59-244B51BE4F0E}.Release|Any CPU.Build.0 = Release|Any CPU
		{C7273114-56C4-4FDD-AA3B-E2167C56673F}.Debug|Any CPU.ActiveCfg = Debug|Any CPU
		{C7273114-56C4-4FDD-AA3B-E2167C56673F}.Debug|Any CPU.Build.0 = Debug|Any CPU
		{C7273114-56C4-4FDD-AA3B-E2167C56673F}.Release|Any CPU.ActiveCfg = Release|Any CPU
		{C7273114-56C4-4FDD-AA3B-E2167C56673F}.Release|Any CPU.Build.0 = Release|Any CPU
		{8E0CE15B-071D-4B8F-BAD4-0379A117ED63}.Debug|Any CPU.ActiveCfg = Debug|Any CPU
		{8E0CE15B-071D-4B8F-BAD4-0379A117ED63}.Debug|Any CPU.Build.0 = Debug|Any CPU
		{8E0CE15B-071D-4B8F-BAD4-0379A117ED63}.Release|Any CPU.ActiveCfg = Release|Any CPU
		{8E0CE15B-071D-4B8F-BAD4-0379A117ED63}.Release|Any CPU.Build.0 = Release|Any CPU
	EndGlobalSection
	GlobalSection(SolutionProperties) = preSolution
		HideSolutionNode = FALSE
	EndGlobalSection
	GlobalSection(ExtensibilityGlobals) = postSolution
		SolutionGuid = {A0FDE753-61D6-411E-B71F-9019F6596398}
	EndGlobalSection
EndGlobal
